// !$*UTF8*$!
{
	archiveVersion = 1;
	classes = {
	};
	objectVersion = 46;
	objects = {

/* Begin PBXBuildFile section */
		A39CB24C26D3364A1BE3707F /* Pods_PuzzDraRssReader.framework in Frameworks */ = {isa = PBXBuildFile; fileRef = 027E2D621FF78AC5CA494277 /* Pods_PuzzDraRssReader.framework */; };
		C414B84F2A3B86DA2260C460 /* Pods_PuzzDraRssReaderUITests.framework in Frameworks */ = {isa = PBXBuildFile; fileRef = D876D79B4DC4648D4F62F931 /* Pods_PuzzDraRssReaderUITests.framework */; };
		E686FE311DB8DE7800652A19 /* AppDelegate.swift in Sources */ = {isa = PBXBuildFile; fileRef = E686FE301DB8DE7800652A19 /* AppDelegate.swift */; };
		E686FE331DB8DE7800652A19 /* ViewController.swift in Sources */ = {isa = PBXBuildFile; fileRef = E686FE321DB8DE7800652A19 /* ViewController.swift */; };
		E686FE361DB8DE7800652A19 /* Main.storyboard in Resources */ = {isa = PBXBuildFile; fileRef = E686FE341DB8DE7800652A19 /* Main.storyboard */; };
		E686FE381DB8DE7800652A19 /* Assets.xcassets in Resources */ = {isa = PBXBuildFile; fileRef = E686FE371DB8DE7800652A19 /* Assets.xcassets */; };
		E686FE3B1DB8DE7800652A19 /* LaunchScreen.storyboard in Resources */ = {isa = PBXBuildFile; fileRef = E686FE391DB8DE7800652A19 /* LaunchScreen.storyboard */; };
		E686FE461DB8DE7800652A19 /* PuzzDraRssReaderTests.swift in Sources */ = {isa = PBXBuildFile; fileRef = E686FE451DB8DE7800652A19 /* PuzzDraRssReaderTests.swift */; };
		E686FE511DB8DE7800652A19 /* PuzzDraRssReaderUITests.swift in Sources */ = {isa = PBXBuildFile; fileRef = E686FE501DB8DE7800652A19 /* PuzzDraRssReaderUITests.swift */; };
		E686FE611DBE357600652A19 /* TableViewController.swift in Sources */ = {isa = PBXBuildFile; fileRef = E686FE5F1DBE357600652A19 /* TableViewController.swift */; };
		E686FE621DBE357600652A19 /* TableViewController.xib in Resources */ = {isa = PBXBuildFile; fileRef = E686FE601DBE357600652A19 /* TableViewController.xib */; };
		F1B5FE9EA24A2D5DEC8743BB /* Pods_PuzzDraRssReaderTests.framework in Frameworks */ = {isa = PBXBuildFile; fileRef = 6C6D46E4DECF567FEDDD2364 /* Pods_PuzzDraRssReaderTests.framework */; };
/* End PBXBuildFile section */

/* Begin PBXContainerItemProxy section */
		E686FE421DB8DE7800652A19 /* PBXContainerItemProxy */ = {
			isa = PBXContainerItemProxy;
			containerPortal = E686FE251DB8DE7700652A19 /* Project object */;
			proxyType = 1;
			remoteGlobalIDString = E686FE2C1DB8DE7700652A19;
			remoteInfo = PuzzDraRssReader;
		};
		E686FE4D1DB8DE7800652A19 /* PBXContainerItemProxy */ = {
			isa = PBXContainerItemProxy;
			containerPortal = E686FE251DB8DE7700652A19 /* Project object */;
			proxyType = 1;
			remoteGlobalIDString = E686FE2C1DB8DE7700652A19;
			remoteInfo = PuzzDraRssReader;
		};
/* End PBXContainerItemProxy section */

/* Begin PBXFileReference section */
		027E2D621FF78AC5CA494277 /* Pods_PuzzDraRssReader.framework */ = {isa = PBXFileReference; explicitFileType = wrapper.framework; includeInIndex = 0; path = Pods_PuzzDraRssReader.framework; sourceTree = BUILT_PRODUCTS_DIR; };
		2ED75872467C714FDD88C7EF /* Pods-PuzzDraRssReaderTests.release.xcconfig */ = {isa = PBXFileReference; includeInIndex = 1; lastKnownFileType = text.xcconfig; name = "Pods-PuzzDraRssReaderTests.release.xcconfig"; path = "Pods/Target Support Files/Pods-PuzzDraRssReaderTests/Pods-PuzzDraRssReaderTests.release.xcconfig"; sourceTree = "<group>"; };
		3185AAF174B4F14ED0ED484A /* Pods-PuzzDraRssReader.release.xcconfig */ = {isa = PBXFileReference; includeInIndex = 1; lastKnownFileType = text.xcconfig; name = "Pods-PuzzDraRssReader.release.xcconfig"; path = "Pods/Target Support Files/Pods-PuzzDraRssReader/Pods-PuzzDraRssReader.release.xcconfig"; sourceTree = "<group>"; };
		3A932A756328B857D571E468 /* Pods-PuzzDraRssReaderTests.debug.xcconfig */ = {isa = PBXFileReference; includeInIndex = 1; lastKnownFileType = text.xcconfig; name = "Pods-PuzzDraRssReaderTests.debug.xcconfig"; path = "Pods/Target Support Files/Pods-PuzzDraRssReaderTests/Pods-PuzzDraRssReaderTests.debug.xcconfig"; sourceTree = "<group>"; };
		6C6D46E4DECF567FEDDD2364 /* Pods_PuzzDraRssReaderTests.framework */ = {isa = PBXFileReference; explicitFileType = wrapper.framework; includeInIndex = 0; path = Pods_PuzzDraRssReaderTests.framework; sourceTree = BUILT_PRODUCTS_DIR; };
		8E5E73DB81C402C943CAE553 /* Pods-PuzzDraRssReaderUITests.debug.xcconfig */ = {isa = PBXFileReference; includeInIndex = 1; lastKnownFileType = text.xcconfig; name = "Pods-PuzzDraRssReaderUITests.debug.xcconfig"; path = "Pods/Target Support Files/Pods-PuzzDraRssReaderUITests/Pods-PuzzDraRssReaderUITests.debug.xcconfig"; sourceTree = "<group>"; };
		8ED0F5293121333ED448FC6F /* Pods-PuzzDraRssReader.debug.xcconfig */ = {isa = PBXFileReference; includeInIndex = 1; lastKnownFileType = text.xcconfig; name = "Pods-PuzzDraRssReader.debug.xcconfig"; path = "Pods/Target Support Files/Pods-PuzzDraRssReader/Pods-PuzzDraRssReader.debug.xcconfig"; sourceTree = "<group>"; };
		A4CE8FC81DC6250C00080BD8 /* PuzzDraRssReader-Bridging-Header.h */ = {isa = PBXFileReference; lastKnownFileType = sourcecode.c.h; path = "PuzzDraRssReader-Bridging-Header.h"; sourceTree = "<group>"; };
		C4BE17C2D23BC496C3A55D23 /* Pods-PuzzDraRssReaderUITests.release.xcconfig */ = {isa = PBXFileReference; includeInIndex = 1; lastKnownFileType = text.xcconfig; name = "Pods-PuzzDraRssReaderUITests.release.xcconfig"; path = "Pods/Target Support Files/Pods-PuzzDraRssReaderUITests/Pods-PuzzDraRssReaderUITests.release.xcconfig"; sourceTree = "<group>"; };
		D876D79B4DC4648D4F62F931 /* Pods_PuzzDraRssReaderUITests.framework */ = {isa = PBXFileReference; explicitFileType = wrapper.framework; includeInIndex = 0; path = Pods_PuzzDraRssReaderUITests.framework; sourceTree = BUILT_PRODUCTS_DIR; };
		E6156CF71DBF8BA3007AF6AB /* Alamofire.framework */ = {isa = PBXFileReference; lastKnownFileType = wrapper.framework; name = Alamofire.framework; path = Carthage/Build/iOS/Alamofire.framework; sourceTree = "<group>"; };
		E6156CF81DBF8BA3007AF6AB /* SwiftyJSON.framework */ = {isa = PBXFileReference; lastKnownFileType = wrapper.framework; name = SwiftyJSON.framework; path = Carthage/Build/iOS/SwiftyJSON.framework; sourceTree = "<group>"; };
		E6156CFC1DBF8E6A007AF6AB /* HTMLReader.framework */ = {isa = PBXFileReference; lastKnownFileType = wrapper.framework; name = HTMLReader.framework; path = Carthage/Build/iOS/HTMLReader.framework; sourceTree = "<group>"; };
		E6156CFD1DBF8E6A007AF6AB /* SVProgressHUD.framework */ = {isa = PBXFileReference; lastKnownFileType = wrapper.framework; name = SVProgressHUD.framework; path = Carthage/Build/iOS/SVProgressHUD.framework; sourceTree = "<group>"; };
		E6156D001DBF8F67007AF6AB /* TOWebViewController.framework */ = {isa = PBXFileReference; lastKnownFileType = wrapper.framework; name = TOWebViewController.framework; path = Carthage/Build/iOS/TOWebViewController.framework; sourceTree = "<group>"; };
		E686FE2D1DB8DE7800652A19 /* PuzzDraRssReader.app */ = {isa = PBXFileReference; explicitFileType = wrapper.application; includeInIndex = 0; path = PuzzDraRssReader.app; sourceTree = BUILT_PRODUCTS_DIR; };
		E686FE301DB8DE7800652A19 /* AppDelegate.swift */ = {isa = PBXFileReference; lastKnownFileType = sourcecode.swift; path = AppDelegate.swift; sourceTree = "<group>"; };
		E686FE321DB8DE7800652A19 /* ViewController.swift */ = {isa = PBXFileReference; lastKnownFileType = sourcecode.swift; path = ViewController.swift; sourceTree = "<group>"; };
		E686FE351DB8DE7800652A19 /* Base */ = {isa = PBXFileReference; lastKnownFileType = file.storyboard; name = Base; path = Base.lproj/Main.storyboard; sourceTree = "<group>"; };
		E686FE371DB8DE7800652A19 /* Assets.xcassets */ = {isa = PBXFileReference; lastKnownFileType = folder.assetcatalog; path = Assets.xcassets; sourceTree = "<group>"; };
		E686FE3A1DB8DE7800652A19 /* Base */ = {isa = PBXFileReference; lastKnownFileType = file.storyboard; name = Base; path = Base.lproj/LaunchScreen.storyboard; sourceTree = "<group>"; };
		E686FE3C1DB8DE7800652A19 /* Info.plist */ = {isa = PBXFileReference; lastKnownFileType = text.plist.xml; path = Info.plist; sourceTree = "<group>"; };
		E686FE411DB8DE7800652A19 /* PuzzDraRssReaderTests.xctest */ = {isa = PBXFileReference; explicitFileType = wrapper.cfbundle; includeInIndex = 0; path = PuzzDraRssReaderTests.xctest; sourceTree = BUILT_PRODUCTS_DIR; };
		E686FE451DB8DE7800652A19 /* PuzzDraRssReaderTests.swift */ = {isa = PBXFileReference; lastKnownFileType = sourcecode.swift; path = PuzzDraRssReaderTests.swift; sourceTree = "<group>"; };
		E686FE471DB8DE7800652A19 /* Info.plist */ = {isa = PBXFileReference; lastKnownFileType = text.plist.xml; path = Info.plist; sourceTree = "<group>"; };
		E686FE4C1DB8DE7800652A19 /* PuzzDraRssReaderUITests.xctest */ = {isa = PBXFileReference; explicitFileType = wrapper.cfbundle; includeInIndex = 0; path = PuzzDraRssReaderUITests.xctest; sourceTree = BUILT_PRODUCTS_DIR; };
		E686FE501DB8DE7800652A19 /* PuzzDraRssReaderUITests.swift */ = {isa = PBXFileReference; lastKnownFileType = sourcecode.swift; path = PuzzDraRssReaderUITests.swift; sourceTree = "<group>"; };
		E686FE521DB8DE7800652A19 /* Info.plist */ = {isa = PBXFileReference; lastKnownFileType = text.plist.xml; path = Info.plist; sourceTree = "<group>"; };
		E686FE5F1DBE357600652A19 /* TableViewController.swift */ = {isa = PBXFileReference; fileEncoding = 4; lastKnownFileType = sourcecode.swift; path = TableViewController.swift; sourceTree = "<group>"; };
		E686FE601DBE357600652A19 /* TableViewController.xib */ = {isa = PBXFileReference; fileEncoding = 4; lastKnownFileType = file.xib; path = TableViewController.xib; sourceTree = "<group>"; };
/* End PBXFileReference section */

/* Begin PBXFrameworksBuildPhase section */
		E686FE2A1DB8DE7700652A19 /* Frameworks */ = {
			isa = PBXFrameworksBuildPhase;
			buildActionMask = 2147483647;
			files = (
				A39CB24C26D3364A1BE3707F /* Pods_PuzzDraRssReader.framework in Frameworks */,
			);
			runOnlyForDeploymentPostprocessing = 0;
		};
		E686FE3E1DB8DE7800652A19 /* Frameworks */ = {
			isa = PBXFrameworksBuildPhase;
			buildActionMask = 2147483647;
			files = (
				F1B5FE9EA24A2D5DEC8743BB /* Pods_PuzzDraRssReaderTests.framework in Frameworks */,
			);
			runOnlyForDeploymentPostprocessing = 0;
		};
		E686FE491DB8DE7800652A19 /* Frameworks */ = {
			isa = PBXFrameworksBuildPhase;
			buildActionMask = 2147483647;
			files = (
				C414B84F2A3B86DA2260C460 /* Pods_PuzzDraRssReaderUITests.framework in Frameworks */,
			);
			runOnlyForDeploymentPostprocessing = 0;
		};
/* End PBXFrameworksBuildPhase section */

/* Begin PBXGroup section */
		03F2C2A268275E49F0C547B6 /* Frameworks */ = {
			isa = PBXGroup;
			children = (
				E6156D001DBF8F67007AF6AB /* TOWebViewController.framework */,
				E6156CFC1DBF8E6A007AF6AB /* HTMLReader.framework */,
				E6156CFD1DBF8E6A007AF6AB /* SVProgressHUD.framework */,
				E6156CF71DBF8BA3007AF6AB /* Alamofire.framework */,
				E6156CF81DBF8BA3007AF6AB /* SwiftyJSON.framework */,
				027E2D621FF78AC5CA494277 /* Pods_PuzzDraRssReader.framework */,
				6C6D46E4DECF567FEDDD2364 /* Pods_PuzzDraRssReaderTests.framework */,
				D876D79B4DC4648D4F62F931 /* Pods_PuzzDraRssReaderUITests.framework */,
			);
			name = Frameworks;
			sourceTree = "<group>";
		};
		43C2D28331404437C859F4CF /* Pods */ = {
			isa = PBXGroup;
			children = (
				8ED0F5293121333ED448FC6F /* Pods-PuzzDraRssReader.debug.xcconfig */,
				3185AAF174B4F14ED0ED484A /* Pods-PuzzDraRssReader.release.xcconfig */,
				3A932A756328B857D571E468 /* Pods-PuzzDraRssReaderTests.debug.xcconfig */,
				2ED75872467C714FDD88C7EF /* Pods-PuzzDraRssReaderTests.release.xcconfig */,
				8E5E73DB81C402C943CAE553 /* Pods-PuzzDraRssReaderUITests.debug.xcconfig */,
				C4BE17C2D23BC496C3A55D23 /* Pods-PuzzDraRssReaderUITests.release.xcconfig */,
			);
			name = Pods;
			sourceTree = "<group>";
		};
		E686FE241DB8DE7700652A19 = {
			isa = PBXGroup;
			children = (
				E686FE2F1DB8DE7800652A19 /* PuzzDraRssReader */,
				E686FE441DB8DE7800652A19 /* PuzzDraRssReaderTests */,
				E686FE4F1DB8DE7800652A19 /* PuzzDraRssReaderUITests */,
				E686FE2E1DB8DE7800652A19 /* Products */,
				43C2D28331404437C859F4CF /* Pods */,
				03F2C2A268275E49F0C547B6 /* Frameworks */,
			);
			sourceTree = "<group>";
		};
		E686FE2E1DB8DE7800652A19 /* Products */ = {
			isa = PBXGroup;
			children = (
				E686FE2D1DB8DE7800652A19 /* PuzzDraRssReader.app */,
				E686FE411DB8DE7800652A19 /* PuzzDraRssReaderTests.xctest */,
				E686FE4C1DB8DE7800652A19 /* PuzzDraRssReaderUITests.xctest */,
			);
			name = Products;
			sourceTree = "<group>";
		};
		E686FE2F1DB8DE7800652A19 /* PuzzDraRssReader */ = {
			isa = PBXGroup;
			children = (
				E686FE301DB8DE7800652A19 /* AppDelegate.swift */,
				E686FE321DB8DE7800652A19 /* ViewController.swift */,
				E686FE341DB8DE7800652A19 /* Main.storyboard */,
				E686FE371DB8DE7800652A19 /* Assets.xcassets */,
				E686FE391DB8DE7800652A19 /* LaunchScreen.storyboard */,
				E686FE3C1DB8DE7800652A19 /* Info.plist */,
				E686FE5F1DBE357600652A19 /* TableViewController.swift */,
				E686FE601DBE357600652A19 /* TableViewController.xib */,
				A4CE8FC81DC6250C00080BD8 /* PuzzDraRssReader-Bridging-Header.h */,
			);
			path = PuzzDraRssReader;
			sourceTree = "<group>";
		};
		E686FE441DB8DE7800652A19 /* PuzzDraRssReaderTests */ = {
			isa = PBXGroup;
			children = (
				E686FE451DB8DE7800652A19 /* PuzzDraRssReaderTests.swift */,
				E686FE471DB8DE7800652A19 /* Info.plist */,
			);
			path = PuzzDraRssReaderTests;
			sourceTree = "<group>";
		};
		E686FE4F1DB8DE7800652A19 /* PuzzDraRssReaderUITests */ = {
			isa = PBXGroup;
			children = (
				E686FE501DB8DE7800652A19 /* PuzzDraRssReaderUITests.swift */,
				E686FE521DB8DE7800652A19 /* Info.plist */,
			);
			path = PuzzDraRssReaderUITests;
			sourceTree = "<group>";
		};
/* End PBXGroup section */

/* Begin PBXNativeTarget section */
		E686FE2C1DB8DE7700652A19 /* PuzzDraRssReader */ = {
			isa = PBXNativeTarget;
			buildConfigurationList = E686FE551DB8DE7800652A19 /* Build configuration list for PBXNativeTarget "PuzzDraRssReader" */;
			buildPhases = (
				21707E17FF1F7FCD2D4B3EEC /* [CP] Check Pods Manifest.lock */,
				E686FE291DB8DE7700652A19 /* Sources */,
				E686FE2A1DB8DE7700652A19 /* Frameworks */,
				E686FE2B1DB8DE7700652A19 /* Resources */,
				9B8FAFB5D0B048E0EEFEBEF2 /* [CP] Embed Pods Frameworks */,
				B8A0DD376A27108FD0AE19E2 /* [CP] Copy Pods Resources */,
				E6156CFB1DBF8BAF007AF6AB /* ShellScript */,
			);
			buildRules = (
			);
			dependencies = (
			);
			name = PuzzDraRssReader;
			productName = PuzzDraRssReader;
			productReference = E686FE2D1DB8DE7800652A19 /* PuzzDraRssReader.app */;
			productType = "com.apple.product-type.application";
		};
		E686FE401DB8DE7800652A19 /* PuzzDraRssReaderTests */ = {
			isa = PBXNativeTarget;
			buildConfigurationList = E686FE581DB8DE7800652A19 /* Build configuration list for PBXNativeTarget "PuzzDraRssReaderTests" */;
			buildPhases = (
				7E7B1FC060D522D1CE50496E /* [CP] Check Pods Manifest.lock */,
				E686FE3D1DB8DE7800652A19 /* Sources */,
				E686FE3E1DB8DE7800652A19 /* Frameworks */,
				E686FE3F1DB8DE7800652A19 /* Resources */,
				3350C615938A2D79042DC62C /* [CP] Embed Pods Frameworks */,
				F3DCB5E0E2F5731CECA88A2B /* [CP] Copy Pods Resources */,
			);
			buildRules = (
			);
			dependencies = (
				E686FE431DB8DE7800652A19 /* PBXTargetDependency */,
			);
			name = PuzzDraRssReaderTests;
			productName = PuzzDraRssReaderTests;
			productReference = E686FE411DB8DE7800652A19 /* PuzzDraRssReaderTests.xctest */;
			productType = "com.apple.product-type.bundle.unit-test";
		};
		E686FE4B1DB8DE7800652A19 /* PuzzDraRssReaderUITests */ = {
			isa = PBXNativeTarget;
			buildConfigurationList = E686FE5B1DB8DE7800652A19 /* Build configuration list for PBXNativeTarget "PuzzDraRssReaderUITests" */;
			buildPhases = (
				21F6E16894B220C5F4007552 /* [CP] Check Pods Manifest.lock */,
				E686FE481DB8DE7800652A19 /* Sources */,
				E686FE491DB8DE7800652A19 /* Frameworks */,
				E686FE4A1DB8DE7800652A19 /* Resources */,
				31184046F2F630CD9CC0DB8E /* [CP] Embed Pods Frameworks */,
				D349E7B1169A16BB2DDC6541 /* [CP] Copy Pods Resources */,
			);
			buildRules = (
			);
			dependencies = (
				E686FE4E1DB8DE7800652A19 /* PBXTargetDependency */,
			);
			name = PuzzDraRssReaderUITests;
			productName = PuzzDraRssReaderUITests;
			productReference = E686FE4C1DB8DE7800652A19 /* PuzzDraRssReaderUITests.xctest */;
			productType = "com.apple.product-type.bundle.ui-testing";
		};
/* End PBXNativeTarget section */

/* Begin PBXProject section */
		E686FE251DB8DE7700652A19 /* Project object */ = {
			isa = PBXProject;
			attributes = {
				LastSwiftUpdateCheck = 0800;
				LastUpgradeCheck = 0800;
				ORGANIZATIONNAME = "Yuichiro-Takeda";
				TargetAttributes = {
					E686FE2C1DB8DE7700652A19 = {
						CreatedOnToolsVersion = 8.0;
						LastSwiftMigration = 0810;
						ProvisioningStyle = Automatic;
					};
					E686FE401DB8DE7800652A19 = {
						CreatedOnToolsVersion = 8.0;
						LastSwiftMigration = 0800;
						ProvisioningStyle = Automatic;
						TestTargetID = E686FE2C1DB8DE7700652A19;
					};
					E686FE4B1DB8DE7800652A19 = {
						CreatedOnToolsVersion = 8.0;
						LastSwiftMigration = 0800;
						ProvisioningStyle = Automatic;
						TestTargetID = E686FE2C1DB8DE7700652A19;
					};
				};
			};
			buildConfigurationList = E686FE281DB8DE7700652A19 /* Build configuration list for PBXProject "PuzzDraRssReader" */;
			compatibilityVersion = "Xcode 3.2";
			developmentRegion = English;
			hasScannedForEncodings = 0;
			knownRegions = (
				en,
				Base,
			);
			mainGroup = E686FE241DB8DE7700652A19;
			productRefGroup = E686FE2E1DB8DE7800652A19 /* Products */;
			projectDirPath = "";
			projectRoot = "";
			targets = (
				E686FE2C1DB8DE7700652A19 /* PuzzDraRssReader */,
				E686FE401DB8DE7800652A19 /* PuzzDraRssReaderTests */,
				E686FE4B1DB8DE7800652A19 /* PuzzDraRssReaderUITests */,
			);
		};
/* End PBXProject section */

/* Begin PBXResourcesBuildPhase section */
		E686FE2B1DB8DE7700652A19 /* Resources */ = {
			isa = PBXResourcesBuildPhase;
			buildActionMask = 2147483647;
			files = (
				E686FE3B1DB8DE7800652A19 /* LaunchScreen.storyboard in Resources */,
				E686FE381DB8DE7800652A19 /* Assets.xcassets in Resources */,
				E686FE361DB8DE7800652A19 /* Main.storyboard in Resources */,
				E686FE621DBE357600652A19 /* TableViewController.xib in Resources */,
			);
			runOnlyForDeploymentPostprocessing = 0;
		};
		E686FE3F1DB8DE7800652A19 /* Resources */ = {
			isa = PBXResourcesBuildPhase;
			buildActionMask = 2147483647;
			files = (
			);
			runOnlyForDeploymentPostprocessing = 0;
		};
		E686FE4A1DB8DE7800652A19 /* Resources */ = {
			isa = PBXResourcesBuildPhase;
			buildActionMask = 2147483647;
			files = (
			);
			runOnlyForDeploymentPostprocessing = 0;
		};
/* End PBXResourcesBuildPhase section */

/* Begin PBXShellScriptBuildPhase section */
		21707E17FF1F7FCD2D4B3EEC /* [CP] Check Pods Manifest.lock */ = {
			isa = PBXShellScriptBuildPhase;
			buildActionMask = 2147483647;
			files = (
			);
			inputPaths = (
			);
			name = "[CP] Check Pods Manifest.lock";
			outputPaths = (
			);
			runOnlyForDeploymentPostprocessing = 0;
			shellPath = /bin/sh;
			shellScript = "diff \"${PODS_ROOT}/../Podfile.lock\" \"${PODS_ROOT}/Manifest.lock\" > /dev/null\nif [ $? != 0 ] ; then\n    # print error to STDERR\n    echo \"error: The sandbox is not in sync with the Podfile.lock. Run 'pod install' or update your CocoaPods installation.\" >&2\n    exit 1\nfi\n";
			showEnvVarsInLog = 0;
		};
		21F6E16894B220C5F4007552 /* [CP] Check Pods Manifest.lock */ = {
			isa = PBXShellScriptBuildPhase;
			buildActionMask = 2147483647;
			files = (
			);
			inputPaths = (
			);
			name = "[CP] Check Pods Manifest.lock";
			outputPaths = (
			);
			runOnlyForDeploymentPostprocessing = 0;
			shellPath = /bin/sh;
			shellScript = "diff \"${PODS_ROOT}/../Podfile.lock\" \"${PODS_ROOT}/Manifest.lock\" > /dev/null\nif [ $? != 0 ] ; then\n    # print error to STDERR\n    echo \"error: The sandbox is not in sync with the Podfile.lock. Run 'pod install' or update your CocoaPods installation.\" >&2\n    exit 1\nfi\n";
			showEnvVarsInLog = 0;
		};
		31184046F2F630CD9CC0DB8E /* [CP] Embed Pods Frameworks */ = {
			isa = PBXShellScriptBuildPhase;
			buildActionMask = 2147483647;
			files = (
			);
			inputPaths = (
			);
			name = "[CP] Embed Pods Frameworks";
			outputPaths = (
			);
			runOnlyForDeploymentPostprocessing = 0;
			shellPath = /bin/sh;
			shellScript = "\"${SRCROOT}/Pods/Target Support Files/Pods-PuzzDraRssReaderUITests/Pods-PuzzDraRssReaderUITests-frameworks.sh\"\n";
			showEnvVarsInLog = 0;
		};
		3350C615938A2D79042DC62C /* [CP] Embed Pods Frameworks */ = {
			isa = PBXShellScriptBuildPhase;
			buildActionMask = 2147483647;
			files = (
			);
			inputPaths = (
			);
			name = "[CP] Embed Pods Frameworks";
			outputPaths = (
			);
			runOnlyForDeploymentPostprocessing = 0;
			shellPath = /bin/sh;
			shellScript = "\"${SRCROOT}/Pods/Target Support Files/Pods-PuzzDraRssReaderTests/Pods-PuzzDraRssReaderTests-frameworks.sh\"\n";
			showEnvVarsInLog = 0;
		};
		7E7B1FC060D522D1CE50496E /* [CP] Check Pods Manifest.lock */ = {
			isa = PBXShellScriptBuildPhase;
			buildActionMask = 2147483647;
			files = (
			);
			inputPaths = (
			);
			name = "[CP] Check Pods Manifest.lock";
			outputPaths = (
			);
			runOnlyForDeploymentPostprocessing = 0;
			shellPath = /bin/sh;
			shellScript = "diff \"${PODS_ROOT}/../Podfile.lock\" \"${PODS_ROOT}/Manifest.lock\" > /dev/null\nif [ $? != 0 ] ; then\n    # print error to STDERR\n    echo \"error: The sandbox is not in sync with the Podfile.lock. Run 'pod install' or update your CocoaPods installation.\" >&2\n    exit 1\nfi\n";
			showEnvVarsInLog = 0;
		};
		9B8FAFB5D0B048E0EEFEBEF2 /* [CP] Embed Pods Frameworks */ = {
			isa = PBXShellScriptBuildPhase;
			buildActionMask = 2147483647;
			files = (
			);
			inputPaths = (
			);
			name = "[CP] Embed Pods Frameworks";
			outputPaths = (
			);
			runOnlyForDeploymentPostprocessing = 0;
			shellPath = /bin/sh;
			shellScript = "\"${SRCROOT}/Pods/Target Support Files/Pods-PuzzDraRssReader/Pods-PuzzDraRssReader-frameworks.sh\"\n";
			showEnvVarsInLog = 0;
		};
		B8A0DD376A27108FD0AE19E2 /* [CP] Copy Pods Resources */ = {
			isa = PBXShellScriptBuildPhase;
			buildActionMask = 2147483647;
			files = (
			);
			inputPaths = (
			);
			name = "[CP] Copy Pods Resources";
			outputPaths = (
			);
			runOnlyForDeploymentPostprocessing = 0;
			shellPath = /bin/sh;
			shellScript = "\"${SRCROOT}/Pods/Target Support Files/Pods-PuzzDraRssReader/Pods-PuzzDraRssReader-resources.sh\"\n";
			showEnvVarsInLog = 0;
		};
		D349E7B1169A16BB2DDC6541 /* [CP] Copy Pods Resources */ = {
			isa = PBXShellScriptBuildPhase;
			buildActionMask = 2147483647;
			files = (
			);
			inputPaths = (
			);
			name = "[CP] Copy Pods Resources";
			outputPaths = (
			);
			runOnlyForDeploymentPostprocessing = 0;
			shellPath = /bin/sh;
			shellScript = "\"${SRCROOT}/Pods/Target Support Files/Pods-PuzzDraRssReaderUITests/Pods-PuzzDraRssReaderUITests-resources.sh\"\n";
			showEnvVarsInLog = 0;
		};
		E6156CFB1DBF8BAF007AF6AB /* ShellScript */ = {
			isa = PBXShellScriptBuildPhase;
			buildActionMask = 2147483647;
			files = (
			);
			inputPaths = (
			);
			outputPaths = (
			);
			runOnlyForDeploymentPostprocessing = 0;
			shellPath = /bin/sh;
			shellScript = "";
		};
		F3DCB5E0E2F5731CECA88A2B /* [CP] Copy Pods Resources */ = {
			isa = PBXShellScriptBuildPhase;
			buildActionMask = 2147483647;
			files = (
			);
			inputPaths = (
			);
			name = "[CP] Copy Pods Resources";
			outputPaths = (
			);
			runOnlyForDeploymentPostprocessing = 0;
			shellPath = /bin/sh;
			shellScript = "\"${SRCROOT}/Pods/Target Support Files/Pods-PuzzDraRssReaderTests/Pods-PuzzDraRssReaderTests-resources.sh\"\n";
			showEnvVarsInLog = 0;
		};
/* End PBXShellScriptBuildPhase section */

/* Begin PBXSourcesBuildPhase section */
		E686FE291DB8DE7700652A19 /* Sources */ = {
			isa = PBXSourcesBuildPhase;
			buildActionMask = 2147483647;
			files = (
				E686FE331DB8DE7800652A19 /* ViewController.swift in Sources */,
				E686FE611DBE357600652A19 /* TableViewController.swift in Sources */,
				E686FE311DB8DE7800652A19 /* AppDelegate.swift in Sources */,
			);
			runOnlyForDeploymentPostprocessing = 0;
		};
		E686FE3D1DB8DE7800652A19 /* Sources */ = {
			isa = PBXSourcesBuildPhase;
			buildActionMask = 2147483647;
			files = (
				E686FE461DB8DE7800652A19 /* PuzzDraRssReaderTests.swift in Sources */,
			);
			runOnlyForDeploymentPostprocessing = 0;
		};
		E686FE481DB8DE7800652A19 /* Sources */ = {
			isa = PBXSourcesBuildPhase;
			buildActionMask = 2147483647;
			files = (
				E686FE511DB8DE7800652A19 /* PuzzDraRssReaderUITests.swift in Sources */,
			);
			runOnlyForDeploymentPostprocessing = 0;
		};
/* End PBXSourcesBuildPhase section */

/* Begin PBXTargetDependency section */
		E686FE431DB8DE7800652A19 /* PBXTargetDependency */ = {
			isa = PBXTargetDependency;
			target = E686FE2C1DB8DE7700652A19 /* PuzzDraRssReader */;
			targetProxy = E686FE421DB8DE7800652A19 /* PBXContainerItemProxy */;
		};
		E686FE4E1DB8DE7800652A19 /* PBXTargetDependency */ = {
			isa = PBXTargetDependency;
			target = E686FE2C1DB8DE7700652A19 /* PuzzDraRssReader */;
			targetProxy = E686FE4D1DB8DE7800652A19 /* PBXContainerItemProxy */;
		};
/* End PBXTargetDependency section */

/* Begin PBXVariantGroup section */
		E686FE341DB8DE7800652A19 /* Main.storyboard */ = {
			isa = PBXVariantGroup;
			children = (
				E686FE351DB8DE7800652A19 /* Base */,
			);
			name = Main.storyboard;
			sourceTree = "<group>";
		};
		E686FE391DB8DE7800652A19 /* LaunchScreen.storyboard */ = {
			isa = PBXVariantGroup;
			children = (
				E686FE3A1DB8DE7800652A19 /* Base */,
			);
			name = LaunchScreen.storyboard;
			sourceTree = "<group>";
		};
/* End PBXVariantGroup section */

/* Begin XCBuildConfiguration section */
		E686FE531DB8DE7800652A19 /* Debug */ = {
			isa = XCBuildConfiguration;
			buildSettings = {
				ALWAYS_SEARCH_USER_PATHS = NO;
				CLANG_ANALYZER_NONNULL = YES;
				CLANG_CXX_LANGUAGE_STANDARD = "gnu++0x";
				CLANG_CXX_LIBRARY = "libc++";
				CLANG_ENABLE_MODULES = YES;
				CLANG_ENABLE_OBJC_ARC = YES;
				CLANG_WARN_BOOL_CONVERSION = YES;
				CLANG_WARN_CONSTANT_CONVERSION = YES;
				CLANG_WARN_DIRECT_OBJC_ISA_USAGE = YES_ERROR;
				CLANG_WARN_DOCUMENTATION_COMMENTS = YES;
				CLANG_WARN_EMPTY_BODY = YES;
				CLANG_WARN_ENUM_CONVERSION = YES;
				CLANG_WARN_INFINITE_RECURSION = YES;
				CLANG_WARN_INT_CONVERSION = YES;
				CLANG_WARN_OBJC_ROOT_CLASS = YES_ERROR;
				CLANG_WARN_SUSPICIOUS_MOVES = YES;
				CLANG_WARN_UNREACHABLE_CODE = YES;
				CLANG_WARN__DUPLICATE_METHOD_MATCH = YES;
				"CODE_SIGN_IDENTITY[sdk=iphoneos*]" = "iPhone Developer";
				COPY_PHASE_STRIP = NO;
				DEBUG_INFORMATION_FORMAT = dwarf;
				ENABLE_STRICT_OBJC_MSGSEND = YES;
				ENABLE_TESTABILITY = YES;
				GCC_C_LANGUAGE_STANDARD = gnu99;
				GCC_DYNAMIC_NO_PIC = NO;
				GCC_NO_COMMON_BLOCKS = YES;
				GCC_OPTIMIZATION_LEVEL = 0;
				GCC_PREPROCESSOR_DEFINITIONS = (
					"DEBUG=1",
					"$(inherited)",
				);
				GCC_WARN_64_TO_32_BIT_CONVERSION = YES;
				GCC_WARN_ABOUT_RETURN_TYPE = YES_ERROR;
				GCC_WARN_UNDECLARED_SELECTOR = YES;
				GCC_WARN_UNINITIALIZED_AUTOS = YES_AGGRESSIVE;
				GCC_WARN_UNUSED_FUNCTION = YES;
				GCC_WARN_UNUSED_VARIABLE = YES;
				IPHONEOS_DEPLOYMENT_TARGET = 10.0;
				MTL_ENABLE_DEBUG_INFO = YES;
				ONLY_ACTIVE_ARCH = YES;
				SDKROOT = iphoneos;
				SWIFT_ACTIVE_COMPILATION_CONDITIONS = DEBUG;
				SWIFT_OPTIMIZATION_LEVEL = "-Onone";
				TARGETED_DEVICE_FAMILY = "1,2";
			};
			name = Debug;
		};
		E686FE541DB8DE7800652A19 /* Release */ = {
			isa = XCBuildConfiguration;
			buildSettings = {
				ALWAYS_SEARCH_USER_PATHS = NO;
				CLANG_ANALYZER_NONNULL = YES;
				CLANG_CXX_LANGUAGE_STANDARD = "gnu++0x";
				CLANG_CXX_LIBRARY = "libc++";
				CLANG_ENABLE_MODULES = YES;
				CLANG_ENABLE_OBJC_ARC = YES;
				CLANG_WARN_BOOL_CONVERSION = YES;
				CLANG_WARN_CONSTANT_CONVERSION = YES;
				CLANG_WARN_DIRECT_OBJC_ISA_USAGE = YES_ERROR;
				CLANG_WARN_DOCUMENTATION_COMMENTS = YES;
				CLANG_WARN_EMPTY_BODY = YES;
				CLANG_WARN_ENUM_CONVERSION = YES;
				CLANG_WARN_INFINITE_RECURSION = YES;
				CLANG_WARN_INT_CONVERSION = YES;
				CLANG_WARN_OBJC_ROOT_CLASS = YES_ERROR;
				CLANG_WARN_SUSPICIOUS_MOVES = YES;
				CLANG_WARN_UNREACHABLE_CODE = YES;
				CLANG_WARN__DUPLICATE_METHOD_MATCH = YES;
				"CODE_SIGN_IDENTITY[sdk=iphoneos*]" = "iPhone Developer";
				COPY_PHASE_STRIP = NO;
				DEBUG_INFORMATION_FORMAT = "dwarf-with-dsym";
				ENABLE_NS_ASSERTIONS = NO;
				ENABLE_STRICT_OBJC_MSGSEND = YES;
				GCC_C_LANGUAGE_STANDARD = gnu99;
				GCC_NO_COMMON_BLOCKS = YES;
				GCC_WARN_64_TO_32_BIT_CONVERSION = YES;
				GCC_WARN_ABOUT_RETURN_TYPE = YES_ERROR;
				GCC_WARN_UNDECLARED_SELECTOR = YES;
				GCC_WARN_UNINITIALIZED_AUTOS = YES_AGGRESSIVE;
				GCC_WARN_UNUSED_FUNCTION = YES;
				GCC_WARN_UNUSED_VARIABLE = YES;
				IPHONEOS_DEPLOYMENT_TARGET = 10.0;
				MTL_ENABLE_DEBUG_INFO = NO;
				SDKROOT = iphoneos;
				SWIFT_OPTIMIZATION_LEVEL = "-Owholemodule";
				TARGETED_DEVICE_FAMILY = "1,2";
				VALIDATE_PRODUCT = YES;
			};
			name = Release;
		};
		E686FE561DB8DE7800652A19 /* Debug */ = {
			isa = XCBuildConfiguration;
			baseConfigurationReference = 8ED0F5293121333ED448FC6F /* Pods-PuzzDraRssReader.debug.xcconfig */;
			buildSettings = {
				ASSETCATALOG_COMPILER_APPICON_NAME = AppIcon;
				CLANG_ENABLE_MODULES = YES;
				FRAMEWORK_SEARCH_PATHS = (
					"$(inherited)",
					"$(PROJECT_DIR)/Carthage/Build/iOS",
				);
				INFOPLIST_FILE = PuzzDraRssReader/Info.plist;
				IPHONEOS_DEPLOYMENT_TARGET = 9.0;
				LD_RUNPATH_SEARCH_PATHS = "$(inherited) @executable_path/Frameworks";
				PRODUCT_BUNDLE_IDENTIFIER = com.tak.dev.PuzzDraRssReader;
				PRODUCT_NAME = "$(TARGET_NAME)";
				SWIFT_OBJC_BRIDGING_HEADER = "PuzzDraRssReader/PuzzDraRssReader-Bridging-Header.h";
				SWIFT_OPTIMIZATION_LEVEL = "-Onone";
				SWIFT_VERSION = 3.0;
				USER_HEADER_SEARCH_PATHS = "Pods/**";
			};
			name = Debug;
		};
		E686FE571DB8DE7800652A19 /* Release */ = {
			isa = XCBuildConfiguration;
			baseConfigurationReference = 3185AAF174B4F14ED0ED484A /* Pods-PuzzDraRssReader.release.xcconfig */;
			buildSettings = {
				ASSETCATALOG_COMPILER_APPICON_NAME = AppIcon;
				CLANG_ENABLE_MODULES = YES;
				FRAMEWORK_SEARCH_PATHS = (
					"$(inherited)",
					"$(PROJECT_DIR)/Carthage/Build/iOS",
				);
				INFOPLIST_FILE = PuzzDraRssReader/Info.plist;
				IPHONEOS_DEPLOYMENT_TARGET = 9.0;
				LD_RUNPATH_SEARCH_PATHS = "$(inherited) @executable_path/Frameworks";
				PRODUCT_BUNDLE_IDENTIFIER = com.tak.dev.PuzzDraRssReader;
				PRODUCT_NAME = "$(TARGET_NAME)";
				SWIFT_OBJC_BRIDGING_HEADER = "PuzzDraRssReader/PuzzDraRssReader-Bridging-Header.h";
				SWIFT_VERSION = 3.0;
				USER_HEADER_SEARCH_PATHS = "Pods/**";
			};
			name = Release;
		};
		E686FE591DB8DE7800652A19 /* Debug */ = {
			isa = XCBuildConfiguration;
			baseConfigurationReference = 3A932A756328B857D571E468 /* Pods-PuzzDraRssReaderTests.debug.xcconfig */;
			buildSettings = {
				ALWAYS_EMBED_SWIFT_STANDARD_LIBRARIES = YES;
				BUNDLE_LOADER = "$(TEST_HOST)";
				INFOPLIST_FILE = PuzzDraRssReaderTests/Info.plist;
				LD_RUNPATH_SEARCH_PATHS = "$(inherited) @executable_path/Frameworks @loader_path/Frameworks";
				PRODUCT_BUNDLE_IDENTIFIER = com.tak.dev.PuzzDraRssReaderTests;
				PRODUCT_NAME = "$(TARGET_NAME)";
				SWIFT_VERSION = 3.0;
				TEST_HOST = "$(BUILT_PRODUCTS_DIR)/PuzzDraRssReader.app/PuzzDraRssReader";
			};
			name = Debug;
		};
		E686FE5A1DB8DE7800652A19 /* Release */ = {
			isa = XCBuildConfiguration;
			baseConfigurationReference = 2ED75872467C714FDD88C7EF /* Pods-PuzzDraRssReaderTests.release.xcconfig */;
			buildSettings = {
				ALWAYS_EMBED_SWIFT_STANDARD_LIBRARIES = YES;
				BUNDLE_LOADER = "$(TEST_HOST)";
				INFOPLIST_FILE = PuzzDraRssReaderTests/Info.plist;
				LD_RUNPATH_SEARCH_PATHS = "$(inherited) @executable_path/Frameworks @loader_path/Frameworks";
				PRODUCT_BUNDLE_IDENTIFIER = com.tak.dev.PuzzDraRssReaderTests;
				PRODUCT_NAME = "$(TARGET_NAME)";
				SWIFT_VERSION = 3.0;
				TEST_HOST = "$(BUILT_PRODUCTS_DIR)/PuzzDraRssReader.app/PuzzDraRssReader";
			};
			name = Release;
		};
		E686FE5C1DB8DE7800652A19 /* Debug */ = {
			isa = XCBuildConfiguration;
			baseConfigurationReference = 8E5E73DB81C402C943CAE553 /* Pods-PuzzDraRssReaderUITests.debug.xcconfig */;
			buildSettings = {
				ALWAYS_EMBED_SWIFT_STANDARD_LIBRARIES = YES;
				INFOPLIST_FILE = PuzzDraRssReaderUITests/Info.plist;
				LD_RUNPATH_SEARCH_PATHS = "$(inherited) @executable_path/Frameworks @loader_path/Frameworks";
				PRODUCT_BUNDLE_IDENTIFIER = com.tak.dev.PuzzDraRssReaderUITests;
				PRODUCT_NAME = "$(TARGET_NAME)";
				SWIFT_VERSION = 3.0;
				TEST_TARGET_NAME = PuzzDraRssReader;
			};
			name = Debug;
		};
		E686FE5D1DB8DE7800652A19 /* Release */ = {
			isa = XCBuildConfiguration;
			baseConfigurationReference = C4BE17C2D23BC496C3A55D23 /* Pods-PuzzDraRssReaderUITests.release.xcconfig */;
			buildSettings = {
				ALWAYS_EMBED_SWIFT_STANDARD_LIBRARIES = YES;
				INFOPLIST_FILE = PuzzDraRssReaderUITests/Info.plist;
				LD_RUNPATH_SEARCH_PATHS = "$(inherited) @executable_path/Frameworks @loader_path/Frameworks";
				PRODUCT_BUNDLE_IDENTIFIER = com.tak.dev.PuzzDraRssReaderUITests;
				PRODUCT_NAME = "$(TARGET_NAME)";
				SWIFT_VERSION = 3.0;
				TEST_TARGET_NAME = PuzzDraRssReader;
			};
			name = Release;
		};
/* End XCBuildConfiguration section */

/* Begin XCConfigurationList section */
		E686FE281DB8DE7700652A19 /* Build configuration list for PBXProject "PuzzDraRssReader" */ = {
			isa = XCConfigurationList;
			buildConfigurations = (
				E686FE531DB8DE7800652A19 /* Debug */,
				E686FE541DB8DE7800652A19 /* Release */,
			);
			defaultConfigurationIsVisible = 0;
			defaultConfigurationName = Release;
		};
		E686FE551DB8DE7800652A19 /* Build configuration list for PBXNativeTarget "PuzzDraRssReader" */ = {
			isa = XCConfigurationList;
			buildConfigurations = (
				E686FE561DB8DE7800652A19 /* Debug */,
				E686FE571DB8DE7800652A19 /* Release */,
			);
			defaultConfigurationIsVisible = 0;
			defaultConfigurationName = Release;
		};
		E686FE581DB8DE7800652A19 /* Build configuration list for PBXNativeTarget "PuzzDraRssReaderTests" */ = {
			isa = XCConfigurationList;
			buildConfigurations = (
				E686FE591DB8DE7800652A19 /* Debug */,
				E686FE5A1DB8DE7800652A19 /* Release */,
			);
			defaultConfigurationIsVisible = 0;
			defaultConfigurationName = Release;
		};
		E686FE5B1DB8DE7800652A19 /* Build configuration list for PBXNativeTarget "PuzzDraRssReaderUITests" */ = {
			isa = XCConfigurationList;
			buildConfigurations = (
				E686FE5C1DB8DE7800652A19 /* Debug */,
				E686FE5D1DB8DE7800652A19 /* Release */,
			);
			defaultConfigurationIsVisible = 0;
			defaultConfigurationName = Release;
		};
/* End XCConfigurationList section */
	};
	rootObject = E686FE251DB8DE7700652A19 /* Project object */;
}
